{
    "name": "openquests-playground",
    "lockfileVersion": 3,
    "requires": true,
    "packages": {
        "": {
            "name": "openquests-playground",
            "dependencies": {
                "@openquests/engine": "github:the-real-han/openquests"
            }
        },
        "node_modules/@openquests/engine": {
            "resolved": "git+ssh://git@github.com/the-real-han/openquests.git#29bbbdb653d747243c4aa3190bb30e32ae318648",
            "workspaces": [
                "packages/*",
                "engine",
                "ui"
            ]
        }
    }
}
